
Microsoft Visual Studio Solution File, Format Version 12.00
# Visual Studio Version 17
VisualStudioVersion = 17.13.35931.197
MinimumVisualStudioVersion = 10.0.40219.1
Project("{2150E333-8FDC-42A3-9474-1A3956D46DE8}") = "01", "01", "{02EA681E-C7D8-13C7-8484-4AC65E1B71E8}"
EndProject
Project("{FAE04EC0-301F-11D3-BF4B-00C04F79EFBC}") = "IsNumberOddOrNot", "IsNumberOddOrNot\IsNumberOddOrNot.csproj", "{01D5A4A6-7D57-47D6-B141-8F9D4DA8422A}"
EndProject
Project("{2150E333-8FDC-42A3-9474-1A3956D46DE8}") = "02", "02", "{D549C470-46DA-4C7E-9E77-74287F7EBAB0}"
EndProject
Project("{FAE04EC0-301F-11D3-BF4B-00C04F79EFBC}") = "TheGreatestNumber", "TheGreatestNumber\TheGreatestNumber.csproj", "{72EFD389-69D4-4A15-9B3D-BDC040630C44}"
EndProject
Project("{2150E333-8FDC-42A3-9474-1A3956D46DE8}") = "Shared", "Shared", "{400BA1D6-3AD5-4B2D-A7B3-41C40E90857C}"
EndProject
Project("{FAE04EC0-301F-11D3-BF4B-00C04F79EFBC}") = "Shared", "Shared\Shared.csproj", "{E0BA42C2-5249-47F6-84FF-78C24760D5A6}"
EndProject
Project("{2150E333-8FDC-42A3-9474-1A3956D46DE8}") = "03", "03", "{D5B49F0E-F8F4-4754-BD06-D57DBC9CE730}"
EndProject
Project("{FAE04EC0-301F-11D3-BF4B-00C04F79EFBC}") = "Order3number", "Order3number\Order3number.csproj", "{987B83AE-D2D7-4554-808F-2E0705D27933}"
EndProject
Project("{2150E333-8FDC-42A3-9474-1A3956D46DE8}") = "04", "04", "{7AE6F820-1125-422B-B7F7-C9ADBDDC88D9}"
EndProject
Project("{FAE04EC0-301F-11D3-BF4B-00C04F79EFBC}") = "IsMultipleAnother", "IsMultipleAnother\IsMultipleAnother.csproj", "{FF02F9AD-203D-46AB-9304-A5C77F18ECF3}"
EndProject
Project("{2150E333-8FDC-42A3-9474-1A3956D46DE8}") = "05", "05", "{659C21E9-91FF-4C0D-A044-0631ED347822}"
EndProject
Project("{FAE04EC0-301F-11D3-BF4B-00C04F79EFBC}") = "LeapYear", "LeapYear\LeapYear.csproj", "{8E611977-6BC1-44F6-94A0-017035514BE3}"
EndProject
Project("{2150E333-8FDC-42A3-9474-1A3956D46DE8}") = "06", "06", "{30C79251-84F2-4D98-8D3A-98AB60B68E3F}"
EndProject
Project("{FAE04EC0-301F-11D3-BF4B-00C04F79EFBC}") = "simpleSalary", "simpleSalary\simpleSalary.csproj", "{BF4C0B2C-151F-41A7-9EAB-DD1AEFBC4319}"
EndProject
Project("{2150E333-8FDC-42A3-9474-1A3956D46DE8}") = "07", "07", "{AFC99163-07D8-4873-996C-C304BCC1D0EF}"
EndProject
Project("{FAE04EC0-301F-11D3-BF4B-00C04F79EFBC}") = "Discounts", "Discounts\Discounts.csproj", "{F15F92C2-4E57-4AEC-887E-8079C16CBE99}"
EndProject
Project("{2150E333-8FDC-42A3-9474-1A3956D46DE8}") = "08", "08", "{ED34C397-064D-4001-BE08-E56C5AE29980}"
EndProject
Project("{FAE04EC0-301F-11D3-BF4B-00C04F79EFBC}") = "RegistrationValue", "RegistrationValue\RegistrationValue.csproj", "{51C19C78-A539-44E9-A1D9-854D02E956EF}"
EndProject
Project("{2150E333-8FDC-42A3-9474-1A3956D46DE8}") = "09", "09", "{A86DEC26-AEBE-425F-875C-78CC88F7CB82}"
EndProject
Project("{FAE04EC0-301F-11D3-BF4B-00C04F79EFBC}") = "Shipping", "Shipping\Shipping.csproj", "{CB3E8699-5E37-462E-8ACF-200CC78A3D8F}"
EndProject
Project("{2150E333-8FDC-42A3-9474-1A3956D46DE8}") = "10", "10", "{F44CE1E4-F8EB-41C3-B247-F572114ACCC4}"
	ProjectSection(SolutionItems) = preProject
		TextFile1.txt = TextFile1.txt
	EndProjectSection
EndProject
Project("{FAE04EC0-301F-11D3-BF4B-00C04F79EFBC}") = "SucesoStore", "SucesoStore\SucesoStore.csproj", "{EF6B2C40-7016-4972-A02F-D86586BB08BA}"
EndProject
Project("{2150E333-8FDC-42A3-9474-1A3956D46DE8}") = "11", "11", "{346C9CAC-3AE8-416B-ADF5-8B20F041681D}"
EndProject
Project("{FAE04EC0-301F-11D3-BF4B-00C04F79EFBC}") = "TransportationCompany", "TransportationCompany\TransportationCompany.csproj", "{0A0223CC-6A60-4A72-8817-AC128417DF41}"
EndProject
Project("{2150E333-8FDC-42A3-9474-1A3956D46DE8}") = "12", "12", "{BCF30FA9-BC0E-44FF-9F25-2FA724723D38}"
EndProject
Project("{FAE04EC0-301F-11D3-BF4B-00C04F79EFBC}") = "SumAndAverage", "SumAndAverage\SumAndAverage.csproj", "{78224461-E70F-42DD-B2F5-1D625EEFE3ED}"
EndProject
Project("{2150E333-8FDC-42A3-9474-1A3956D46DE8}") = "13", "13", "{DE5F2726-667B-43BD-8752-46BB11A8C9C1}"
EndProject
Project("{FAE04EC0-301F-11D3-BF4B-00C04F79EFBC}") = "Factorial", "Factorial\Factorial.csproj", "{435A9742-8B05-48AC-ADF7-45E54992FC3E}"
EndProject
Project("{2150E333-8FDC-42A3-9474-1A3956D46DE8}") = "14", "14", "{048130A0-3DE9-4DAC-A149-49EED2EF3628}"
EndProject
Project("{FAE04EC0-301F-11D3-BF4B-00C04F79EFBC}") = "Taylor", "Taylor\Taylor.csproj", "{676EACF4-97E8-4071-81C0-A57F89DA6CA2}"
EndProject
Project("{2150E333-8FDC-42A3-9474-1A3956D46DE8}") = "15", "15", "{2EBE7F80-1821-478A-BFDC-E665BB388BB8}"
EndProject
Project("{FAE04EC0-301F-11D3-BF4B-00C04F79EFBC}") = "TaylorModified", "TaylorModified\TaylorModified.csproj", "{69C175A2-647F-4999-B878-D482D32D2597}"
EndProject
Project("{2150E333-8FDC-42A3-9474-1A3956D46DE8}") = "16", "16", "{D1B03B99-2B8F-4543-99ED-283B9AFA5792}"
EndProject
Project("{FAE04EC0-301F-11D3-BF4B-00C04F79EFBC}") = "CuadraticEquition", "CuadraticEquition\CuadraticEquition.csproj", "{8119B978-83B0-4DA2-92EF-44CEB8F93098}"
EndProject
Global
	GlobalSection(SolutionConfigurationPlatforms) = preSolution
		Debug|Any CPU = Debug|Any CPU
		Release|Any CPU = Release|Any CPU
	EndGlobalSection
	GlobalSection(ProjectConfigurationPlatforms) = postSolution
		{01D5A4A6-7D57-47D6-B141-8F9D4DA8422A}.Debug|Any CPU.ActiveCfg = Debug|Any CPU
		{01D5A4A6-7D57-47D6-B141-8F9D4DA8422A}.Debug|Any CPU.Build.0 = Debug|Any CPU
		{01D5A4A6-7D57-47D6-B141-8F9D4DA8422A}.Release|Any CPU.ActiveCfg = Release|Any CPU
		{01D5A4A6-7D57-47D6-B141-8F9D4DA8422A}.Release|Any CPU.Build.0 = Release|Any CPU
		{72EFD389-69D4-4A15-9B3D-BDC040630C44}.Debug|Any CPU.ActiveCfg = Debug|Any CPU
		{72EFD389-69D4-4A15-9B3D-BDC040630C44}.Debug|Any CPU.Build.0 = Debug|Any CPU
		{72EFD389-69D4-4A15-9B3D-BDC040630C44}.Release|Any CPU.ActiveCfg = Release|Any CPU
		{72EFD389-69D4-4A15-9B3D-BDC040630C44}.Release|Any CPU.Build.0 = Release|Any CPU
		{E0BA42C2-5249-47F6-84FF-78C24760D5A6}.Debug|Any CPU.ActiveCfg = Debug|Any CPU
		{E0BA42C2-5249-47F6-84FF-78C24760D5A6}.Debug|Any CPU.Build.0 = Debug|Any CPU
		{E0BA42C2-5249-47F6-84FF-78C24760D5A6}.Release|Any CPU.ActiveCfg = Release|Any CPU
		{E0BA42C2-5249-47F6-84FF-78C24760D5A6}.Release|Any CPU.Build.0 = Release|Any CPU
		{987B83AE-D2D7-4554-808F-2E0705D27933}.Debug|Any CPU.ActiveCfg = Debug|Any CPU
		{987B83AE-D2D7-4554-808F-2E0705D27933}.Debug|Any CPU.Build.0 = Debug|Any CPU
		{987B83AE-D2D7-4554-808F-2E0705D27933}.Release|Any CPU.ActiveCfg = Release|Any CPU
		{987B83AE-D2D7-4554-808F-2E0705D27933}.Release|Any CPU.Build.0 = Release|Any CPU
		{FF02F9AD-203D-46AB-9304-A5C77F18ECF3}.Debug|Any CPU.ActiveCfg = Debug|Any CPU
		{FF02F9AD-203D-46AB-9304-A5C77F18ECF3}.Debug|Any CPU.Build.0 = Debug|Any CPU
		{FF02F9AD-203D-46AB-9304-A5C77F18ECF3}.Release|Any CPU.ActiveCfg = Release|Any CPU
		{FF02F9AD-203D-46AB-9304-A5C77F18ECF3}.Release|Any CPU.Build.0 = Release|Any CPU
		{8E611977-6BC1-44F6-94A0-017035514BE3}.Debug|Any CPU.ActiveCfg = Debug|Any CPU
		{8E611977-6BC1-44F6-94A0-017035514BE3}.Debug|Any CPU.Build.0 = Debug|Any CPU
		{8E611977-6BC1-44F6-94A0-017035514BE3}.Release|Any CPU.ActiveCfg = Release|Any CPU
		{8E611977-6BC1-44F6-94A0-017035514BE3}.Release|Any CPU.Build.0 = Release|Any CPU
		{BF4C0B2C-151F-41A7-9EAB-DD1AEFBC4319}.Debug|Any CPU.ActiveCfg = Debug|Any CPU
		{BF4C0B2C-151F-41A7-9EAB-DD1AEFBC4319}.Debug|Any CPU.Build.0 = Debug|Any CPU
		{BF4C0B2C-151F-41A7-9EAB-DD1AEFBC4319}.Release|Any CPU.ActiveCfg = Release|Any CPU
		{BF4C0B2C-151F-41A7-9EAB-DD1AEFBC4319}.Release|Any CPU.Build.0 = Release|Any CPU
		{F15F92C2-4E57-4AEC-887E-8079C16CBE99}.Debug|Any CPU.ActiveCfg = Debug|Any CPU
		{F15F92C2-4E57-4AEC-887E-8079C16CBE99}.Debug|Any CPU.Build.0 = Debug|Any CPU
		{F15F92C2-4E57-4AEC-887E-8079C16CBE99}.Release|Any CPU.ActiveCfg = Release|Any CPU
		{F15F92C2-4E57-4AEC-887E-8079C16CBE99}.Release|Any CPU.Build.0 = Release|Any CPU
		{51C19C78-A539-44E9-A1D9-854D02E956EF}.Debug|Any CPU.ActiveCfg = Debug|Any CPU
		{51C19C78-A539-44E9-A1D9-854D02E956EF}.Debug|Any CPU.Build.0 = Debug|Any CPU
		{51C19C78-A539-44E9-A1D9-854D02E956EF}.Release|Any CPU.ActiveCfg = Release|Any CPU
		{51C19C78-A539-44E9-A1D9-854D02E956EF}.Release|Any CPU.Build.0 = Release|Any CPU
		{CB3E8699-5E37-462E-8ACF-200CC78A3D8F}.Debug|Any CPU.ActiveCfg = Debug|Any CPU
		{CB3E8699-5E37-462E-8ACF-200CC78A3D8F}.Debug|Any CPU.Build.0 = Debug|Any CPU
		{CB3E8699-5E37-462E-8ACF-200CC78A3D8F}.Release|Any CPU.ActiveCfg = Release|Any CPU
		{CB3E8699-5E37-462E-8ACF-200CC78A3D8F}.Release|Any CPU.Build.0 = Release|Any CPU
		{EF6B2C40-7016-4972-A02F-D86586BB08BA}.Debug|Any CPU.ActiveCfg = Debug|Any CPU
		{EF6B2C40-7016-4972-A02F-D86586BB08BA}.Debug|Any CPU.Build.0 = Debug|Any CPU
		{EF6B2C40-7016-4972-A02F-D86586BB08BA}.Release|Any CPU.ActiveCfg = Release|Any CPU
		{EF6B2C40-7016-4972-A02F-D86586BB08BA}.Release|Any CPU.Build.0 = Release|Any CPU
		{0A0223CC-6A60-4A72-8817-AC128417DF41}.Debug|Any CPU.ActiveCfg = Debug|Any CPU
		{0A0223CC-6A60-4A72-8817-AC128417DF41}.Debug|Any CPU.Build.0 = Debug|Any CPU
		{0A0223CC-6A60-4A72-8817-AC128417DF41}.Release|Any CPU.ActiveCfg = Release|Any CPU
		{0A0223CC-6A60-4A72-8817-AC128417DF41}.Release|Any CPU.Build.0 = Release|Any CPU
		{78224461-E70F-42DD-B2F5-1D625EEFE3ED}.Debug|Any CPU.ActiveCfg = Debug|Any CPU
		{78224461-E70F-42DD-B2F5-1D625EEFE3ED}.Debug|Any CPU.Build.0 = Debug|Any CPU
		{78224461-E70F-42DD-B2F5-1D625EEFE3ED}.Release|Any CPU.ActiveCfg = Release|Any CPU
		{78224461-E70F-42DD-B2F5-1D625EEFE3ED}.Release|Any CPU.Build.0 = Release|Any CPU
		{435A9742-8B05-48AC-ADF7-45E54992FC3E}.Debug|Any CPU.ActiveCfg = Debug|Any CPU
		{435A9742-8B05-48AC-ADF7-45E54992FC3E}.Debug|Any CPU.Build.0 = Debug|Any CPU
		{435A9742-8B05-48AC-ADF7-45E54992FC3E}.Release|Any CPU.ActiveCfg = Release|Any CPU
		{435A9742-8B05-48AC-ADF7-45E54992FC3E}.Release|Any CPU.Build.0 = Release|Any CPU
		{676EACF4-97E8-4071-81C0-A57F89DA6CA2}.Debug|Any CPU.ActiveCfg = Debug|Any CPU
		{676EACF4-97E8-4071-81C0-A57F89DA6CA2}.Debug|Any CPU.Build.0 = Debug|Any CPU
		{676EACF4-97E8-4071-81C0-A57F89DA6CA2}.Release|Any CPU.ActiveCfg = Release|Any CPU
		{676EACF4-97E8-4071-81C0-A57F89DA6CA2}.Release|Any CPU.Build.0 = Release|Any CPU
		{69C175A2-647F-4999-B878-D482D32D2597}.Debug|Any CPU.ActiveCfg = Debug|Any CPU
		{69C175A2-647F-4999-B878-D482D32D2597}.Debug|Any CPU.Build.0 = Debug|Any CPU
		{69C175A2-647F-4999-B878-D482D32D2597}.Release|Any CPU.ActiveCfg = Release|Any CPU
		{69C175A2-647F-4999-B878-D482D32D2597}.Release|Any CPU.Build.0 = Release|Any CPU
		{8119B978-83B0-4DA2-92EF-44CEB8F93098}.Debug|Any CPU.ActiveCfg = Debug|Any CPU
		{8119B978-83B0-4DA2-92EF-44CEB8F93098}.Debug|Any CPU.Build.0 = Debug|Any CPU
		{8119B978-83B0-4DA2-92EF-44CEB8F93098}.Release|Any CPU.ActiveCfg = Release|Any CPU
		{8119B978-83B0-4DA2-92EF-44CEB8F93098}.Release|Any CPU.Build.0 = Release|Any CPU
	EndGlobalSection
	GlobalSection(SolutionProperties) = preSolution
		HideSolutionNode = FALSE
	EndGlobalSection
	GlobalSection(NestedProjects) = preSolution
		{01D5A4A6-7D57-47D6-B141-8F9D4DA8422A} = {02EA681E-C7D8-13C7-8484-4AC65E1B71E8}
		{72EFD389-69D4-4A15-9B3D-BDC040630C44} = {D549C470-46DA-4C7E-9E77-74287F7EBAB0}
		{E0BA42C2-5249-47F6-84FF-78C24760D5A6} = {400BA1D6-3AD5-4B2D-A7B3-41C40E90857C}
		{987B83AE-D2D7-4554-808F-2E0705D27933} = {D5B49F0E-F8F4-4754-BD06-D57DBC9CE730}
		{FF02F9AD-203D-46AB-9304-A5C77F18ECF3} = {7AE6F820-1125-422B-B7F7-C9ADBDDC88D9}
		{8E611977-6BC1-44F6-94A0-017035514BE3} = {659C21E9-91FF-4C0D-A044-0631ED347822}
		{BF4C0B2C-151F-41A7-9EAB-DD1AEFBC4319} = {30C79251-84F2-4D98-8D3A-98AB60B68E3F}
		{F15F92C2-4E57-4AEC-887E-8079C16CBE99} = {AFC99163-07D8-4873-996C-C304BCC1D0EF}
		{51C19C78-A539-44E9-A1D9-854D02E956EF} = {ED34C397-064D-4001-BE08-E56C5AE29980}
		{CB3E8699-5E37-462E-8ACF-200CC78A3D8F} = {A86DEC26-AEBE-425F-875C-78CC88F7CB82}
		{EF6B2C40-7016-4972-A02F-D86586BB08BA} = {F44CE1E4-F8EB-41C3-B247-F572114ACCC4}
		{0A0223CC-6A60-4A72-8817-AC128417DF41} = {346C9CAC-3AE8-416B-ADF5-8B20F041681D}
		{78224461-E70F-42DD-B2F5-1D625EEFE3ED} = {BCF30FA9-BC0E-44FF-9F25-2FA724723D38}
		{435A9742-8B05-48AC-ADF7-45E54992FC3E} = {DE5F2726-667B-43BD-8752-46BB11A8C9C1}
		{676EACF4-97E8-4071-81C0-A57F89DA6CA2} = {048130A0-3DE9-4DAC-A149-49EED2EF3628}
		{69C175A2-647F-4999-B878-D482D32D2597} = {2EBE7F80-1821-478A-BFDC-E665BB388BB8}
		{8119B978-83B0-4DA2-92EF-44CEB8F93098} = {D1B03B99-2B8F-4543-99ED-283B9AFA5792}
	EndGlobalSection
	GlobalSection(ExtensibilityGlobals) = postSolution
		SolutionGuid = {9F0A3506-0657-4AB6-8C4A-B722E4547D59}
	EndGlobalSection
EndGlobal
